
Microsoft Visual Studio Solution File, Format Version 12.00
# Visual Studio Version 16
VisualStudioVersion = 16.0.31410.357
MinimumVisualStudioVersion = 10.0.40219.1
Project("{FAE04EC0-301F-11D3-BF4B-00C04F79EFBC}") = "DiceRoller", "DiceRoller\DiceRoller.csproj", "{539457AB-7F79-4B2A-97BE-6186E72CB885}"
EndProject
Global
	GlobalSection(SolutionConfigurationPlatforms) = preSolution
		Debug|Any CPU = Debug|Any CPU
		Release|Any CPU = Release|Any CPU
	EndGlobalSection
	GlobalSection(ProjectConfigurationPlatforms) = postSolution
		{539457AB-7F79-4B2A-97BE-6186E72CB885}.Debug|Any CPU.ActiveCfg = Debug|Any CPU
		{539457AB-7F79-4B2A-97BE-6186E72CB885}.Debug|Any CPU.Build.0 = Debug|Any CPU
		{539457AB-7F79-4B2A-97BE-6186E72CB885}.Release|Any CPU.ActiveCfg = Release|Any CPU
		{539457AB-7F79-4B2A-97BE-6186E72CB885}.Release|Any CPU.Build.0 = Release|Any CPU
	EndGlobalSection
	GlobalSection(SolutionProperties) = preSolution
		HideSolutionNode = FALSE
	EndGlobalSection
	GlobalSection(ExtensibilityGlobals) = postSolution
		SolutionGuid = {5E840C5A-EF4D-492D-87D7-7A54A8357FB2}
	EndGlobalSection
EndGlobal
